
Microsoft Visual Studio Solution File, Format Version 12.00
# Visual Studio Version 17
VisualStudioVersion = 17.12.35309.182
MinimumVisualStudioVersion = 10.0.40219.1
Project("{FAE04EC0-301F-11D3-BF4B-00C04F79EFBC}") = "meadowpi", "meadowpi\meadowpi.csproj", "{30219408-FE94-440D-8409-8A5DBAD58896}"
EndProject
Project("{FAE04EC0-301F-11D3-BF4B-00C04F79EFBC}") = "Mono.Linux.I2C", "Mono.Linux.I2C\Mono.Linux.I2C.csproj", "{9E0985DE-9AEE-46F8-AFC2-82B794F3A6CC}"
EndProject
Project("{FAE04EC0-301F-11D3-BF4B-00C04F79EFBC}") = "LowLevelDrivers", "LowLevelDrivers\LowLevelDrivers.csproj", "{AF89DCE7-2486-461A-9D38-4AE74750CA7D}"
EndProject
Project("{FAE04EC0-301F-11D3-BF4B-00C04F79EFBC}") = "FezHat", "FezHat\FezHat.csproj", "{72DC91A8-F61A-444D-80B2-530337E473B7}"
EndProject
Project("{FAE04EC0-301F-11D3-BF4B-00C04F79EFBC}") = "samplepi", "samplepi\samplepi.csproj", "{0489B9EA-3395-4759-9479-240425DC2DA2}"
EndProject
Global
	GlobalSection(SolutionConfigurationPlatforms) = preSolution
		Debug|Any CPU = Debug|Any CPU
		Release|Any CPU = Release|Any CPU
	EndGlobalSection
	GlobalSection(ProjectConfigurationPlatforms) = postSolution
		{30219408-FE94-440D-8409-8A5DBAD58896}.Debug|Any CPU.ActiveCfg = Debug|Any CPU
		{30219408-FE94-440D-8409-8A5DBAD58896}.Debug|Any CPU.Build.0 = Debug|Any CPU
		{30219408-FE94-440D-8409-8A5DBAD58896}.Release|Any CPU.ActiveCfg = Release|Any CPU
		{30219408-FE94-440D-8409-8A5DBAD58896}.Release|Any CPU.Build.0 = Release|Any CPU
		{9E0985DE-9AEE-46F8-AFC2-82B794F3A6CC}.Debug|Any CPU.ActiveCfg = Debug|Any CPU
		{9E0985DE-9AEE-46F8-AFC2-82B794F3A6CC}.Debug|Any CPU.Build.0 = Debug|Any CPU
		{9E0985DE-9AEE-46F8-AFC2-82B794F3A6CC}.Release|Any CPU.ActiveCfg = Release|Any CPU
		{9E0985DE-9AEE-46F8-AFC2-82B794F3A6CC}.Release|Any CPU.Build.0 = Release|Any CPU
		{AF89DCE7-2486-461A-9D38-4AE74750CA7D}.Debug|Any CPU.ActiveCfg = Debug|Any CPU
		{AF89DCE7-2486-461A-9D38-4AE74750CA7D}.Debug|Any CPU.Build.0 = Debug|Any CPU
		{AF89DCE7-2486-461A-9D38-4AE74750CA7D}.Release|Any CPU.ActiveCfg = Release|Any CPU
		{AF89DCE7-2486-461A-9D38-4AE74750CA7D}.Release|Any CPU.Build.0 = Release|Any CPU
		{72DC91A8-F61A-444D-80B2-530337E473B7}.Debug|Any CPU.ActiveCfg = Debug|Any CPU
		{72DC91A8-F61A-444D-80B2-530337E473B7}.Debug|Any CPU.Build.0 = Debug|Any CPU
		{72DC91A8-F61A-444D-80B2-530337E473B7}.Release|Any CPU.ActiveCfg = Release|Any CPU
		{72DC91A8-F61A-444D-80B2-530337E473B7}.Release|Any CPU.Build.0 = Release|Any CPU
		{0489B9EA-3395-4759-9479-240425DC2DA2}.Debug|Any CPU.ActiveCfg = Debug|Any CPU
		{0489B9EA-3395-4759-9479-240425DC2DA2}.Debug|Any CPU.Build.0 = Debug|Any CPU
		{0489B9EA-3395-4759-9479-240425DC2DA2}.Release|Any CPU.ActiveCfg = Release|Any CPU
		{0489B9EA-3395-4759-9479-240425DC2DA2}.Release|Any CPU.Build.0 = Release|Any CPU
	EndGlobalSection
	GlobalSection(SolutionProperties) = preSolution
		HideSolutionNode = FALSE
	EndGlobalSection
	GlobalSection(ExtensibilityGlobals) = postSolution
		SolutionGuid = {1423292F-FB3D-4C80-8A32-5CC7A4290855}
	EndGlobalSection
EndGlobal
